
Microsoft Visual Studio Solution File, Format Version 12.00
# Visual Studio 15
VisualStudioVersion = 15.0.27130.2020
MinimumVisualStudioVersion = 10.0.40219.1
Project("{FAE04EC0-301F-11D3-BF4B-00C04F79EFBC}") = "Sandwhich.App", "Sandwhich.App\Sandwhich.App.csproj", "{50550D72-65D8-48DA-B7B7-1592D17C2F27}"
EndProject
Project("{FAE04EC0-301F-11D3-BF4B-00C04F79EFBC}") = "Sandwhich.Tests", "Sandwhich.Tests\Sandwhich.Tests.csproj", "{52AF9C17-40D5-4E24-B2C6-63CAA6D52F1F}"
EndProject
Global
	GlobalSection(SolutionConfigurationPlatforms) = preSolution
		Debug|Any CPU = Debug|Any CPU
		Release|Any CPU = Release|Any CPU
	EndGlobalSection
	GlobalSection(ProjectConfigurationPlatforms) = postSolution
		{50550D72-65D8-48DA-B7B7-1592D17C2F27}.Debug|Any CPU.ActiveCfg = Debug|Any CPU
		{50550D72-65D8-48DA-B7B7-1592D17C2F27}.Debug|Any CPU.Build.0 = Debug|Any CPU
		{50550D72-65D8-48DA-B7B7-1592D17C2F27}.Release|Any CPU.ActiveCfg = Release|Any CPU
		{50550D72-65D8-48DA-B7B7-1592D17C2F27}.Release|Any CPU.Build.0 = Release|Any CPU
		{52AF9C17-40D5-4E24-B2C6-63CAA6D52F1F}.Debug|Any CPU.ActiveCfg = Debug|Any CPU
		{52AF9C17-40D5-4E24-B2C6-63CAA6D52F1F}.Debug|Any CPU.Build.0 = Debug|Any CPU
		{52AF9C17-40D5-4E24-B2C6-63CAA6D52F1F}.Release|Any CPU.ActiveCfg = Release|Any CPU
		{52AF9C17-40D5-4E24-B2C6-63CAA6D52F1F}.Release|Any CPU.Build.0 = Release|Any CPU
	EndGlobalSection
	GlobalSection(SolutionProperties) = preSolution
		HideSolutionNode = FALSE
	EndGlobalSection
	GlobalSection(ExtensibilityGlobals) = postSolution
		SolutionGuid = {C8F206F4-B530-4713-9DE5-315B7C2D4C07}
	EndGlobalSection
EndGlobal
